{
  "name": "205-node-farm",
  "version": "1.0.0",
  "lockfileVersion": 1,
  "requires": true,
  "dependencies": {
    "slugify": {
      "version": "1.3.5",
      "resolved": "https://registry.npmjs.org/slugify/-/slugify-1.3.5.tgz",
      "integrity": "sha512-5VCnH7aS13b0UqWOs7Ef3E5rkhFe8Od+cp7wybFv5mv/sYSRkucZlJX0bamAJky7b2TTtGvrJBWVdpdEicsSrA=="
    }
  }
}
